// !$*UTF8*$!
{
	archiveVersion = 1;
	classes = {
	};
	objectVersion = 56;
	objects = {

/* Begin PBXBuildFile section */
		B80939FA2972C2DE00B6461D /* AstronautView.swift in Sources */ = {isa = PBXBuildFile; fileRef = B80939F92972C2DE00B6461D /* AstronautView.swift */; };
		B815E5CE29703D7E00B0BCD3 /* MoonshotApp.swift in Sources */ = {isa = PBXBuildFile; fileRef = B815E5CD29703D7E00B0BCD3 /* MoonshotApp.swift */; };
		B815E5D029703D7E00B0BCD3 /* ContentView.swift in Sources */ = {isa = PBXBuildFile; fileRef = B815E5CF29703D7E00B0BCD3 /* ContentView.swift */; };
		B815E5D229703D8000B0BCD3 /* Assets.xcassets in Resources */ = {isa = PBXBuildFile; fileRef = B815E5D129703D8000B0BCD3 /* Assets.xcassets */; };
		B815E5D529703D8000B0BCD3 /* Preview Assets.xcassets in Resources */ = {isa = PBXBuildFile; fileRef = B815E5D429703D8000B0BCD3 /* Preview Assets.xcassets */; };
		B81FD0F829748C2D0037CD62 /* DividerView.swift in Sources */ = {isa = PBXBuildFile; fileRef = B81FD0F729748C2D0037CD62 /* DividerView.swift */; };
		B81FD0FA29748DB00037CD62 /* CrewView.swift in Sources */ = {isa = PBXBuildFile; fileRef = B81FD0F929748DB00037CD62 /* CrewView.swift */; };
		B8D6C7722975797A00F4A825 /* GridLayout.swift in Sources */ = {isa = PBXBuildFile; fileRef = B8D6C7712975797A00F4A825 /* GridLayout.swift */; };
		B8D6C77429757B0C00F4A825 /* ListLayout.swift in Sources */ = {isa = PBXBuildFile; fileRef = B8D6C77329757B0C00F4A825 /* ListLayout.swift */; };
		B8E70B122971834A00A56B58 /* astronauts.json in Resources */ = {isa = PBXBuildFile; fileRef = B8E70B102971834A00A56B58 /* astronauts.json */; };
		B8E70B132971834A00A56B58 /* missions.json in Resources */ = {isa = PBXBuildFile; fileRef = B8E70B112971834A00A56B58 /* missions.json */; };
		B8E70B15297184C600A56B58 /* Astronaut.swift in Sources */ = {isa = PBXBuildFile; fileRef = B8E70B14297184C600A56B58 /* Astronaut.swift */; };
		B8E70B172971854100A56B58 /* Bundle-Decodable.swift in Sources */ = {isa = PBXBuildFile; fileRef = B8E70B162971854100A56B58 /* Bundle-Decodable.swift */; };
		B8E70B1B2971884800A56B58 /* Mission.swift in Sources */ = {isa = PBXBuildFile; fileRef = B8E70B1A2971884800A56B58 /* Mission.swift */; };
		B8E70B1D2971AF6300A56B58 /* Color-Theme.swift in Sources */ = {isa = PBXBuildFile; fileRef = B8E70B1C2971AF6300A56B58 /* Color-Theme.swift */; };
		B8E70B1F297203AD00A56B58 /* MissionView.swift in Sources */ = {isa = PBXBuildFile; fileRef = B8E70B1E297203AD00A56B58 /* MissionView.swift */; };
/* End PBXBuildFile section */

/* Begin PBXFileReference section */
		B80939F92972C2DE00B6461D /* AstronautView.swift */ = {isa = PBXFileReference; lastKnownFileType = sourcecode.swift; path = AstronautView.swift; sourceTree = "<group>"; };
		B815E5CA29703D7E00B0BCD3 /* Moonshot.app */ = {isa = PBXFileReference; explicitFileType = wrapper.application; includeInIndex = 0; path = Moonshot.app; sourceTree = BUILT_PRODUCTS_DIR; };
		B815E5CD29703D7E00B0BCD3 /* MoonshotApp.swift */ = {isa = PBXFileReference; lastKnownFileType = sourcecode.swift; path = MoonshotApp.swift; sourceTree = "<group>"; };
		B815E5CF29703D7E00B0BCD3 /* ContentView.swift */ = {isa = PBXFileReference; lastKnownFileType = sourcecode.swift; path = ContentView.swift; sourceTree = "<group>"; };
		B815E5D129703D8000B0BCD3 /* Assets.xcassets */ = {isa = PBXFileReference; lastKnownFileType = folder.assetcatalog; path = Assets.xcassets; sourceTree = "<group>"; };
		B815E5D429703D8000B0BCD3 /* Preview Assets.xcassets */ = {isa = PBXFileReference; lastKnownFileType = folder.assetcatalog; path = "Preview Assets.xcassets"; sourceTree = "<group>"; };
		B81FD0F729748C2D0037CD62 /* DividerView.swift */ = {isa = PBXFileReference; lastKnownFileType = sourcecode.swift; path = DividerView.swift; sourceTree = "<group>"; };
		B81FD0F929748DB00037CD62 /* CrewView.swift */ = {isa = PBXFileReference; lastKnownFileType = sourcecode.swift; path = CrewView.swift; sourceTree = "<group>"; };
		B8D6C7712975797A00F4A825 /* GridLayout.swift */ = {isa = PBXFileReference; lastKnownFileType = sourcecode.swift; path = GridLayout.swift; sourceTree = "<group>"; };
		B8D6C77329757B0C00F4A825 /* ListLayout.swift */ = {isa = PBXFileReference; lastKnownFileType = sourcecode.swift; path = ListLayout.swift; sourceTree = "<group>"; };
		B8E70B102971834A00A56B58 /* astronauts.json */ = {isa = PBXFileReference; fileEncoding = 4; lastKnownFileType = text.json; path = astronauts.json; sourceTree = "<group>"; };
		B8E70B112971834A00A56B58 /* missions.json */ = {isa = PBXFileReference; fileEncoding = 4; lastKnownFileType = text.json; path = missions.json; sourceTree = "<group>"; };
		B8E70B14297184C600A56B58 /* Astronaut.swift */ = {isa = PBXFileReference; lastKnownFileType = sourcecode.swift; path = Astronaut.swift; sourceTree = "<group>"; };
		B8E70B162971854100A56B58 /* Bundle-Decodable.swift */ = {isa = PBXFileReference; lastKnownFileType = sourcecode.swift; path = "Bundle-Decodable.swift"; sourceTree = "<group>"; };
		B8E70B1A2971884800A56B58 /* Mission.swift */ = {isa = PBXFileReference; lastKnownFileType = sourcecode.swift; path = Mission.swift; sourceTree = "<group>"; };
		B8E70B1C2971AF6300A56B58 /* Color-Theme.swift */ = {isa = PBXFileReference; lastKnownFileType = sourcecode.swift; path = "Color-Theme.swift"; sourceTree = "<group>"; };
		B8E70B1E297203AD00A56B58 /* MissionView.swift */ = {isa = PBXFileReference; lastKnownFileType = sourcecode.swift; path = MissionView.swift; sourceTree = "<group>"; };
/* End PBXFileReference section */

/* Begin PBXFrameworksBuildPhase section */
		B815E5C729703D7E00B0BCD3 /* Frameworks */ = {
			isa = PBXFrameworksBuildPhase;
			buildActionMask = 2147483647;
			files = (
			);
			runOnlyForDeploymentPostprocessing = 0;
		};
/* End PBXFrameworksBuildPhase section */

/* Begin PBXGroup section */
		B815E5C129703D7E00B0BCD3 = {
			isa = PBXGroup;
			children = (
				B815E5CC29703D7E00B0BCD3 /* Moonshot */,
				B815E5CB29703D7E00B0BCD3 /* Products */,
			);
			sourceTree = "<group>";
		};
		B815E5CB29703D7E00B0BCD3 /* Products */ = {
			isa = PBXGroup;
			children = (
				B815E5CA29703D7E00B0BCD3 /* Moonshot.app */,
			);
			name = Products;
			sourceTree = "<group>";
		};
		B815E5CC29703D7E00B0BCD3 /* Moonshot */ = {
			isa = PBXGroup;
			children = (
				B815E5CD29703D7E00B0BCD3 /* MoonshotApp.swift */,
				B8E70B182971868400A56B58 /* Extensions */,
				B8E70B202972083600A56B58 /* Views */,
				B8E70B19297186B000A56B58 /* Objects */,
				B815E5D129703D8000B0BCD3 /* Assets.xcassets */,
				B8E70B102971834A00A56B58 /* astronauts.json */,
				B8E70B112971834A00A56B58 /* missions.json */,
				B815E5D329703D8000B0BCD3 /* Preview Content */,
			);
			path = Moonshot;
			sourceTree = "<group>";
		};
		B815E5D329703D8000B0BCD3 /* Preview Content */ = {
			isa = PBXGroup;
			children = (
				B815E5D429703D8000B0BCD3 /* Preview Assets.xcassets */,
			);
			path = "Preview Content";
			sourceTree = "<group>";
		};
		B8D6C76D297531E700F4A825 /* Modular Views */ = {
			isa = PBXGroup;
			children = (
				B81FD0F929748DB00037CD62 /* CrewView.swift */,
			);
			path = "Modular Views";
			sourceTree = "<group>";
		};
		B8D6C76E2975322C00F4A825 /* Elements */ = {
			isa = PBXGroup;
			children = (
				B81FD0F729748C2D0037CD62 /* DividerView.swift */,
			);
			path = Elements;
			sourceTree = "<group>";
		};
		B8D6C7752975933200F4A825 /* View Types */ = {
			isa = PBXGroup;
			children = (
				B8D6C7712975797A00F4A825 /* GridLayout.swift */,
				B8D6C77329757B0C00F4A825 /* ListLayout.swift */,
			);
			path = "View Types";
			sourceTree = "<group>";
		};
		B8E70B182971868400A56B58 /* Extensions */ = {
			isa = PBXGroup;
			children = (
				B8E70B162971854100A56B58 /* Bundle-Decodable.swift */,
				B8E70B1C2971AF6300A56B58 /* Color-Theme.swift */,
			);
			path = Extensions;
			sourceTree = "<group>";
		};
		B8E70B19297186B000A56B58 /* Objects */ = {
			isa = PBXGroup;
			children = (
				B8E70B14297184C600A56B58 /* Astronaut.swift */,
				B8E70B1A2971884800A56B58 /* Mission.swift */,
			);
			path = Objects;
			sourceTree = "<group>";
		};
		B8E70B202972083600A56B58 /* Views */ = {
			isa = PBXGroup;
			children = (
				B815E5CF29703D7E00B0BCD3 /* ContentView.swift */,
				B8E70B1E297203AD00A56B58 /* MissionView.swift */,
				B80939F92972C2DE00B6461D /* AstronautView.swift */,
				B8D6C7752975933200F4A825 /* View Types */,
				B8D6C76D297531E700F4A825 /* Modular Views */,
				B8D6C76E2975322C00F4A825 /* Elements */,
			);
			path = Views;
			sourceTree = "<group>";
		};
/* End PBXGroup section */

/* Begin PBXNativeTarget section */
		B815E5C929703D7E00B0BCD3 /* Moonshot */ = {
			isa = PBXNativeTarget;
			buildConfigurationList = B815E5D829703D8000B0BCD3 /* Build configuration list for PBXNativeTarget "Moonshot" */;
			buildPhases = (
				B815E5C629703D7E00B0BCD3 /* Sources */,
				B815E5C729703D7E00B0BCD3 /* Frameworks */,
				B815E5C829703D7E00B0BCD3 /* Resources */,
			);
			buildRules = (
			);
			dependencies = (
			);
			name = Moonshot;
			productName = Moonshot;
			productReference = B815E5CA29703D7E00B0BCD3 /* Moonshot.app */;
			productType = "com.apple.product-type.application";
		};
/* End PBXNativeTarget section */

/* Begin PBXProject section */
		B815E5C229703D7E00B0BCD3 /* Project object */ = {
			isa = PBXProject;
			attributes = {
				BuildIndependentTargetsInParallel = 1;
				LastSwiftUpdateCheck = 1420;
				LastUpgradeCheck = 1420;
				TargetAttributes = {
					B815E5C929703D7E00B0BCD3 = {
						CreatedOnToolsVersion = 14.2;
					};
				};
			};
			buildConfigurationList = B815E5C529703D7E00B0BCD3 /* Build configuration list for PBXProject "Moonshot" */;
			compatibilityVersion = "Xcode 14.0";
			developmentRegion = en;
			hasScannedForEncodings = 0;
			knownRegions = (
				en,
				Base,
			);
			mainGroup = B815E5C129703D7E00B0BCD3;
			productRefGroup = B815E5CB29703D7E00B0BCD3 /* Products */;
			projectDirPath = "";
			projectRoot = "";
			targets = (
				B815E5C929703D7E00B0BCD3 /* Moonshot */,
			);
		};
/* End PBXProject section */

/* Begin PBXResourcesBuildPhase section */
		B815E5C829703D7E00B0BCD3 /* Resources */ = {
			isa = PBXResourcesBuildPhase;
			buildActionMask = 2147483647;
			files = (
				B8E70B122971834A00A56B58 /* astronauts.json in Resources */,
				B815E5D529703D8000B0BCD3 /* Preview Assets.xcassets in Resources */,
				B8E70B132971834A00A56B58 /* missions.json in Resources */,
				B815E5D229703D8000B0BCD3 /* Assets.xcassets in Resources */,
			);
			runOnlyForDeploymentPostprocessing = 0;
		};
/* End PBXResourcesBuildPhase section */

/* Begin PBXSourcesBuildPhase section */
		B815E5C629703D7E00B0BCD3 /* Sources */ = {
			isa = PBXSourcesBuildPhase;
			buildActionMask = 2147483647;
			files = (
				B8E70B1F297203AD00A56B58 /* MissionView.swift in Sources */,
				B81FD0F829748C2D0037CD62 /* DividerView.swift in Sources */,
				B8E70B15297184C600A56B58 /* Astronaut.swift in Sources */,
				B80939FA2972C2DE00B6461D /* AstronautView.swift in Sources */,
				B8E70B1D2971AF6300A56B58 /* Color-Theme.swift in Sources */,
				B81FD0FA29748DB00037CD62 /* CrewView.swift in Sources */,
				B815E5D029703D7E00B0BCD3 /* ContentView.swift in Sources */,
				B815E5CE29703D7E00B0BCD3 /* MoonshotApp.swift in Sources */,
				B8E70B1B2971884800A56B58 /* Mission.swift in Sources */,
				B8D6C77429757B0C00F4A825 /* ListLayout.swift in Sources */,
				B8E70B172971854100A56B58 /* Bundle-Decodable.swift in Sources */,
				B8D6C7722975797A00F4A825 /* GridLayout.swift in Sources */,
			);
			runOnlyForDeploymentPostprocessing = 0;
		};
/* End PBXSourcesBuildPhase section */

/* Begin XCBuildConfiguration section */
		B815E5D629703D8000B0BCD3 /* Debug */ = {
			isa = XCBuildConfiguration;
			buildSettings = {
				ALWAYS_SEARCH_USER_PATHS = NO;
				CLANG_ANALYZER_NONNULL = YES;
				CLANG_ANALYZER_NUMBER_OBJECT_CONVERSION = YES_AGGRESSIVE;
				CLANG_CXX_LANGUAGE_STANDARD = "gnu++20";
				CLANG_ENABLE_MODULES = YES;
				CLANG_ENABLE_OBJC_ARC = YES;
				CLANG_ENABLE_OBJC_WEAK = YES;
				CLANG_WARN_BLOCK_CAPTURE_AUTORELEASING = YES;
				CLANG_WARN_BOOL_CONVERSION = YES;
				CLANG_WARN_COMMA = YES;
				CLANG_WARN_CONSTANT_CONVERSION = YES;
				CLANG_WARN_DEPRECATED_OBJC_IMPLEMENTATIONS = YES;
				CLANG_WARN_DIRECT_OBJC_ISA_USAGE = YES_ERROR;
				CLANG_WARN_DOCUMENTATION_COMMENTS = YES;
				CLANG_WARN_EMPTY_BODY = YES;
				CLANG_WARN_ENUM_CONVERSION = YES;
				CLANG_WARN_INFINITE_RECURSION = YES;
				CLANG_WARN_INT_CONVERSION = YES;
				CLANG_WARN_NON_LITERAL_NULL_CONVERSION = YES;
				CLANG_WARN_OBJC_IMPLICIT_RETAIN_SELF = YES;
				CLANG_WARN_OBJC_LITERAL_CONVERSION = YES;
				CLANG_WARN_OBJC_ROOT_CLASS = YES_ERROR;
				CLANG_WARN_QUOTED_INCLUDE_IN_FRAMEWORK_HEADER = YES;
				CLANG_WARN_RANGE_LOOP_ANALYSIS = YES;
				CLANG_WARN_STRICT_PROTOTYPES = YES;
				CLANG_WARN_SUSPICIOUS_MOVE = YES;
				CLANG_WARN_UNGUARDED_AVAILABILITY = YES_AGGRESSIVE;
				CLANG_WARN_UNREACHABLE_CODE = YES;
				CLANG_WARN__DUPLICATE_METHOD_MATCH = YES;
				COPY_PHASE_STRIP = NO;
				DEBUG_INFORMATION_FORMAT = dwarf;
				ENABLE_STRICT_OBJC_MSGSEND = YES;
				ENABLE_TESTABILITY = YES;
				GCC_C_LANGUAGE_STANDARD = gnu11;
				GCC_DYNAMIC_NO_PIC = NO;
				GCC_NO_COMMON_BLOCKS = YES;
				GCC_OPTIMIZATION_LEVEL = 0;
				GCC_PREPROCESSOR_DEFINITIONS = (
					"DEBUG=1",
					"$(inherited)",
				);
				GCC_WARN_64_TO_32_BIT_CONVERSION = YES;
				GCC_WARN_ABOUT_RETURN_TYPE = YES_ERROR;
				GCC_WARN_UNDECLARED_SELECTOR = YES;
				GCC_WARN_UNINITIALIZED_AUTOS = YES_AGGRESSIVE;
				GCC_WARN_UNUSED_FUNCTION = YES;
				GCC_WARN_UNUSED_VARIABLE = YES;
				IPHONEOS_DEPLOYMENT_TARGET = 16.2;
				MTL_ENABLE_DEBUG_INFO = INCLUDE_SOURCE;
				MTL_FAST_MATH = YES;
				ONLY_ACTIVE_ARCH = YES;
				SDKROOT = iphoneos;
				SWIFT_ACTIVE_COMPILATION_CONDITIONS = DEBUG;
				SWIFT_OPTIMIZATION_LEVEL = "-Onone";
			};
			name = Debug;
		};
		B815E5D729703D8000B0BCD3 /* Release */ = {
			isa = XCBuildConfiguration;
			buildSettings = {
				ALWAYS_SEARCH_USER_PATHS = NO;
				CLANG_ANALYZER_NONNULL = YES;
				CLANG_ANALYZER_NUMBER_OBJECT_CONVERSION = YES_AGGRESSIVE;
				CLANG_CXX_LANGUAGE_STANDARD = "gnu++20";
				CLANG_ENABLE_MODULES = YES;
				CLANG_ENABLE_OBJC_ARC = YES;
				CLANG_ENABLE_OBJC_WEAK = YES;
				CLANG_WARN_BLOCK_CAPTURE_AUTORELEASING = YES;
				CLANG_WARN_BOOL_CONVERSION = YES;
				CLANG_WARN_COMMA = YES;
				CLANG_WARN_CONSTANT_CONVERSION = YES;
				CLANG_WARN_DEPRECATED_OBJC_IMPLEMENTATIONS = YES;
				CLANG_WARN_DIRECT_OBJC_ISA_USAGE = YES_ERROR;
				CLANG_WARN_DOCUMENTATION_COMMENTS = YES;
				CLANG_WARN_EMPTY_BODY = YES;
				CLANG_WARN_ENUM_CONVERSION = YES;
				CLANG_WARN_INFINITE_RECURSION = YES;
				CLANG_WARN_INT_CONVERSION = YES;
				CLANG_WARN_NON_LITERAL_NULL_CONVERSION = YES;
				CLANG_WARN_OBJC_IMPLICIT_RETAIN_SELF = YES;
				CLANG_WARN_OBJC_LITERAL_CONVERSION = YES;
				CLANG_WARN_OBJC_ROOT_CLASS = YES_ERROR;
				CLANG_WARN_QUOTED_INCLUDE_IN_FRAMEWORK_HEADER = YES;
				CLANG_WARN_RANGE_LOOP_ANALYSIS = YES;
				CLANG_WARN_STRICT_PROTOTYPES = YES;
				CLANG_WARN_SUSPICIOUS_MOVE = YES;
				CLANG_WARN_UNGUARDED_AVAILABILITY = YES_AGGRESSIVE;
				CLANG_WARN_UNREACHABLE_CODE = YES;
				CLANG_WARN__DUPLICATE_METHOD_MATCH = YES;
				COPY_PHASE_STRIP = NO;
				DEBUG_INFORMATION_FORMAT = "dwarf-with-dsym";
				ENABLE_NS_ASSERTIONS = NO;
				ENABLE_STRICT_OBJC_MSGSEND = YES;
				GCC_C_LANGUAGE_STANDARD = gnu11;
				GCC_NO_COMMON_BLOCKS = YES;
				GCC_WARN_64_TO_32_BIT_CONVERSION = YES;
				GCC_WARN_ABOUT_RETURN_TYPE = YES_ERROR;
				GCC_WARN_UNDECLARED_SELECTOR = YES;
				GCC_WARN_UNINITIALIZED_AUTOS = YES_AGGRESSIVE;
				GCC_WARN_UNUSED_FUNCTION = YES;
				GCC_WARN_UNUSED_VARIABLE = YES;
				IPHONEOS_DEPLOYMENT_TARGET = 16.2;
				MTL_ENABLE_DEBUG_INFO = NO;
				MTL_FAST_MATH = YES;
				SDKROOT = iphoneos;
				SWIFT_COMPILATION_MODE = wholemodule;
				SWIFT_OPTIMIZATION_LEVEL = "-O";
				VALIDATE_PRODUCT = YES;
			};
			name = Release;
		};
		B815E5D929703D8000B0BCD3 /* Debug */ = {
			isa = XCBuildConfiguration;
			buildSettings = {
				ASSETCATALOG_COMPILER_APPICON_NAME = AppIcon;
				ASSETCATALOG_COMPILER_GLOBAL_ACCENT_COLOR_NAME = AccentColor;
				CODE_SIGN_STYLE = Automatic;
				CURRENT_PROJECT_VERSION = 1;
				DEVELOPMENT_ASSET_PATHS = "\"Moonshot/Preview Content\"";
				DEVELOPMENT_TEAM = 8X7MLERU8X;
				ENABLE_PREVIEWS = YES;
				GENERATE_INFOPLIST_FILE = YES;
				INFOPLIST_KEY_UIApplicationSceneManifest_Generation = YES;
				INFOPLIST_KEY_UIApplicationSupportsIndirectInputEvents = YES;
				INFOPLIST_KEY_UILaunchScreen_Generation = YES;
				INFOPLIST_KEY_UISupportedInterfaceOrientations_iPad = "UIInterfaceOrientationPortrait UIInterfaceOrientationPortraitUpsideDown UIInterfaceOrientationLandscapeLeft UIInterfaceOrientationLandscapeRight";
				INFOPLIST_KEY_UISupportedInterfaceOrientations_iPhone = "UIInterfaceOrientationPortrait UIInterfaceOrientationLandscapeLeft UIInterfaceOrientationLandscapeRight";
				IPHONEOS_DEPLOYMENT_TARGET = 16.2;
				LD_RUNPATH_SEARCH_PATHS = (
					"$(inherited)",
					"@executable_path/Frameworks",
				);
				MARKETING_VERSION = 1.0;
				PRODUCT_BUNDLE_IDENTIFIER = EPJr..Moonshot;
				PRODUCT_NAME = "$(TARGET_NAME)";
				SWIFT_EMIT_LOC_STRINGS = YES;
				SWIFT_VERSION = 5.0;
				TARGETED_DEVICE_FAMILY = "1,2";
			};
			name = Debug;
		};
		B815E5DA29703D8000B0BCD3 /* Release */ = {
			isa = XCBuildConfiguration;
			buildSettings = {
				ASSETCATALOG_COMPILER_APPICON_NAME = AppIcon;
				ASSETCATALOG_COMPILER_GLOBAL_ACCENT_COLOR_NAME = AccentColor;
				CODE_SIGN_STYLE = Automatic;
				CURRENT_PROJECT_VERSION = 1;
				DEVELOPMENT_ASSET_PATHS = "\"Moonshot/Preview Content\"";
				DEVELOPMENT_TEAM = 8X7MLERU8X;
				ENABLE_PREVIEWS = YES;
				GENERATE_INFOPLIST_FILE = YES;
				INFOPLIST_KEY_UIApplicationSceneManifest_Generation = YES;
				INFOPLIST_KEY_UIApplicationSupportsIndirectInputEvents = YES;
				INFOPLIST_KEY_UILaunchScreen_Generation = YES;
				INFOPLIST_KEY_UISupportedInterfaceOrientations_iPad = "UIInterfaceOrientationPortrait UIInterfaceOrientationPortraitUpsideDown UIInterfaceOrientationLandscapeLeft UIInterfaceOrientationLandscapeRight";
				INFOPLIST_KEY_UISupportedInterfaceOrientations_iPhone = "UIInterfaceOrientationPortrait UIInterfaceOrientationLandscapeLeft UIInterfaceOrientationLandscapeRight";
				IPHONEOS_DEPLOYMENT_TARGET = 16.2;
				LD_RUNPATH_SEARCH_PATHS = (
					"$(inherited)",
					"@executable_path/Frameworks",
				);
				MARKETING_VERSION = 1.0;
				PRODUCT_BUNDLE_IDENTIFIER = EPJr..Moonshot;
				PRODUCT_NAME = "$(TARGET_NAME)";
				SWIFT_EMIT_LOC_STRINGS = YES;
				SWIFT_VERSION = 5.0;
				TARGETED_DEVICE_FAMILY = "1,2";
			};
			name = Release;
		};
/* End XCBuildConfiguration section */

/* Begin XCConfigurationList section */
		B815E5C529703D7E00B0BCD3 /* Build configuration list for PBXProject "Moonshot" */ = {
			isa = XCConfigurationList;
			buildConfigurations = (
				B815E5D629703D8000B0BCD3 /* Debug */,
				B815E5D729703D8000B0BCD3 /* Release */,
			);
			defaultConfigurationIsVisible = 0;
			defaultConfigurationName = Release;
		};
		B815E5D829703D8000B0BCD3 /* Build configuration list for PBXNativeTarget "Moonshot" */ = {
			isa = XCConfigurationList;
			buildConfigurations = (
				B815E5D929703D8000B0BCD3 /* Debug */,
				B815E5DA29703D8000B0BCD3 /* Release */,
			);
			defaultConfigurationIsVisible = 0;
			defaultConfigurationName = Release;
		};
/* End XCConfigurationList section */
	};
	rootObject = B815E5C229703D7E00B0BCD3 /* Project object */;
}
